
Microsoft Visual Studio Solution File, Format Version 12.00
# Visual Studio Version 16
VisualStudioVersion = 16.0.28606.126
MinimumVisualStudioVersion = 10.0.40219.1
Project("{FAE04EC0-301F-11D3-BF4B-00C04F79EFBC}") = "ZSZ.Service", "ZSZ.Service\ZSZ.Service.csproj", "{27E23E1A-DCBA-487D-903A-04F007144D7E}"
EndProject
Project("{FAE04EC0-301F-11D3-BF4B-00C04F79EFBC}") = "ZSZ.Service.Test", "ZSZ.Service.Test\ZSZ.Service.Test.csproj", "{53876639-B501-4ABB-8CDB-5C309F828D04}"
EndProject
Project("{FAE04EC0-301F-11D3-BF4B-00C04F79EFBC}") = "ZSZ.IService", "ZSZ.IService\ZSZ.IService.csproj", "{1EF5A0E3-5DC7-461E-8C09-CD573897C19D}"
EndProject
Project("{FAE04EC0-301F-11D3-BF4B-00C04F79EFBC}") = "ZSZ.DTO", "ZSZ.DTO\ZSZ.DTO.csproj", "{CB944F8D-835B-4B35-ACF0-2938DFBC4819}"
EndProject
Project("{FAE04EC0-301F-11D3-BF4B-00C04F79EFBC}") = "ZSZ.FrontWeb", "ZSZ.FrontWeb\ZSZ.FrontWeb.csproj", "{276CD3D4-056C-410F-9B83-E8F8B92A5945}"
EndProject
Project("{FAE04EC0-301F-11D3-BF4B-00C04F79EFBC}") = "ZSZ.AdminWeb", "ZSZ.AdminWeb\ZSZ.AdminWeb.csproj", "{A31F0427-255B-428C-9D77-C1B35E2B9B82}"
EndProject
Global
	GlobalSection(SolutionConfigurationPlatforms) = preSolution
		Debug|Any CPU = Debug|Any CPU
		Release|Any CPU = Release|Any CPU
	EndGlobalSection
	GlobalSection(ProjectConfigurationPlatforms) = postSolution
		{27E23E1A-DCBA-487D-903A-04F007144D7E}.Debug|Any CPU.ActiveCfg = Debug|Any CPU
		{27E23E1A-DCBA-487D-903A-04F007144D7E}.Debug|Any CPU.Build.0 = Debug|Any CPU
		{27E23E1A-DCBA-487D-903A-04F007144D7E}.Release|Any CPU.ActiveCfg = Release|Any CPU
		{27E23E1A-DCBA-487D-903A-04F007144D7E}.Release|Any CPU.Build.0 = Release|Any CPU
		{53876639-B501-4ABB-8CDB-5C309F828D04}.Debug|Any CPU.ActiveCfg = Debug|Any CPU
		{53876639-B501-4ABB-8CDB-5C309F828D04}.Debug|Any CPU.Build.0 = Debug|Any CPU
		{53876639-B501-4ABB-8CDB-5C309F828D04}.Release|Any CPU.ActiveCfg = Release|Any CPU
		{53876639-B501-4ABB-8CDB-5C309F828D04}.Release|Any CPU.Build.0 = Release|Any CPU
		{1EF5A0E3-5DC7-461E-8C09-CD573897C19D}.Debug|Any CPU.ActiveCfg = Debug|Any CPU
		{1EF5A0E3-5DC7-461E-8C09-CD573897C19D}.Debug|Any CPU.Build.0 = Debug|Any CPU
		{1EF5A0E3-5DC7-461E-8C09-CD573897C19D}.Release|Any CPU.ActiveCfg = Release|Any CPU
		{1EF5A0E3-5DC7-461E-8C09-CD573897C19D}.Release|Any CPU.Build.0 = Release|Any CPU
		{CB944F8D-835B-4B35-ACF0-2938DFBC4819}.Debug|Any CPU.ActiveCfg = Debug|Any CPU
		{CB944F8D-835B-4B35-ACF0-2938DFBC4819}.Debug|Any CPU.Build.0 = Debug|Any CPU
		{CB944F8D-835B-4B35-ACF0-2938DFBC4819}.Release|Any CPU.ActiveCfg = Release|Any CPU
		{CB944F8D-835B-4B35-ACF0-2938DFBC4819}.Release|Any CPU.Build.0 = Release|Any CPU
		{276CD3D4-056C-410F-9B83-E8F8B92A5945}.Debug|Any CPU.ActiveCfg = Debug|Any CPU
		{276CD3D4-056C-410F-9B83-E8F8B92A5945}.Debug|Any CPU.Build.0 = Debug|Any CPU
		{276CD3D4-056C-410F-9B83-E8F8B92A5945}.Release|Any CPU.ActiveCfg = Release|Any CPU
		{276CD3D4-056C-410F-9B83-E8F8B92A5945}.Release|Any CPU.Build.0 = Release|Any CPU
		{A31F0427-255B-428C-9D77-C1B35E2B9B82}.Debug|Any CPU.ActiveCfg = Debug|Any CPU
		{A31F0427-255B-428C-9D77-C1B35E2B9B82}.Debug|Any CPU.Build.0 = Debug|Any CPU
		{A31F0427-255B-428C-9D77-C1B35E2B9B82}.Release|Any CPU.ActiveCfg = Release|Any CPU
		{A31F0427-255B-428C-9D77-C1B35E2B9B82}.Release|Any CPU.Build.0 = Release|Any CPU
	EndGlobalSection
	GlobalSection(SolutionProperties) = preSolution
		HideSolutionNode = FALSE
	EndGlobalSection
	GlobalSection(ExtensibilityGlobals) = postSolution
		SolutionGuid = {5DCBA7ED-751B-4BD9-A7AC-D3C23A4BF29B}
	EndGlobalSection
EndGlobal
